PODS:
  - Flutter (1.0.0)
  - location (0.0.1):
    - Flutter
  - sensors (0.0.1):
    - Flutter

DEPENDENCIES:
  - Flutter (from `Flutter`)
  - location (from `.symlinks/plugins/location/ios`)
  - sensors (from `.symlinks/plugins/sensors/ios`)

EXTERNAL SOURCES:
  Flutter:
    :path: Flutter
  location:
    :path: ".symlinks/plugins/location/ios"
  sensors:
    :path: ".symlinks/plugins/sensors/ios"

SPEC CHECKSUMS:
  Flutter: 0e3d915762c693b495b44d77113d4970485de6ec
  location: 3a2eed4dd2fab25e7b7baf2a9efefe82b512d740
  sensors: 84eb7a30e47a649e4172b71d6e81be614c280336

PODFILE CHECKSUM: aafe91acc616949ddb318b77800a7f51bffa2a4c

COCOAPODS: 1.9.3
